# This file is automatically @generated by Cargo.
# It is not intended for manual editing.
version = 4

[[package]]
name = "aurora"
version = "0.1.0"

[[package]]
name = "aurora_css"
version = "0.1.0"

[[package]]
name = "aurora_dom"
version = "0.1.0"

[[package]]
name = "aurora_encoding"
version = "0.1.0"

[[package]]
name = "aurora_html"
version = "0.1.0"

[[package]]
name = "aurora_image"
version = "0.1.0"

[[package]]
name = "aurora_ipc"
version = "0.1.0"

[[package]]
name = "aurora_js"
version = "0.1.0"

[[package]]
name = "aurora_layout"
version = "0.1.0"

[[package]]
name = "aurora_net"
version = "0.1.0"

[[package]]
name = "aurora_paint"
version = "0.1.0"

[[package]]
name = "aurora_platform"
version = "0.1.0"

[[package]]
name = "aurora_runtime"
version = "0.1.0"

[[package]]
name = "aurora_security"
version = "0.1.0"

[[package]]
name = "aurora_shell"
version = "0.1.0"

[[package]]
name = "aurora_storage"
version = "0.1.0"

[[package]]
name = "aurora_style"
version = "0.1.0"

[[package]]
name = "aurora_text"
version = "0.1.0"

[[package]]
name = "aurora_url"
version = "0.1.0"
